// !$*UTF8*$!
{
	archiveVersion = 1;
	classes = {
	};
	objectVersion = 50;
	objects = {

/* Begin PBXBuildFile section */
		88DA4BBE24CCC5AF004E45F9 /* AppDelegate.swift in Sources */ = {isa = PBXBuildFile; fileRef = 88DA4BBD24CCC5AF004E45F9 /* AppDelegate.swift */; };
		88DA4BC024CCC5AF004E45F9 /* SceneDelegate.swift in Sources */ = {isa = PBXBuildFile; fileRef = 88DA4BBF24CCC5AF004E45F9 /* SceneDelegate.swift */; };
		88DA4BC224CCC5AF004E45F9 /* ContentView.swift in Sources */ = {isa = PBXBuildFile; fileRef = 88DA4BC124CCC5AF004E45F9 /* ContentView.swift */; };
		88DA4BC424CCC5B1004E45F9 /* Assets.xcassets in Resources */ = {isa = PBXBuildFile; fileRef = 88DA4BC324CCC5B1004E45F9 /* Assets.xcassets */; };
		88DA4BC724CCC5B1004E45F9 /* Preview Assets.xcassets in Resources */ = {isa = PBXBuildFile; fileRef = 88DA4BC624CCC5B1004E45F9 /* Preview Assets.xcassets */; };
		88DA4BCA24CCC5B1004E45F9 /* LaunchScreen.storyboard in Resources */ = {isa = PBXBuildFile; fileRef = 88DA4BC824CCC5B1004E45F9 /* LaunchScreen.storyboard */; };
/* End PBXBuildFile section */

/* Begin PBXFileReference section */
		88DA4BBA24CCC5AF004E45F9 /* SetGame2020.app */ = {isa = PBXFileReference; explicitFileType = wrapper.application; includeInIndex = 0; path = SetGame2020.app; sourceTree = BUILT_PRODUCTS_DIR; };
		88DA4BBD24CCC5AF004E45F9 /* AppDelegate.swift */ = {isa = PBXFileReference; lastKnownFileType = sourcecode.swift; path = AppDelegate.swift; sourceTree = "<group>"; };
		88DA4BBF24CCC5AF004E45F9 /* SceneDelegate.swift */ = {isa = PBXFileReference; lastKnownFileType = sourcecode.swift; path = SceneDelegate.swift; sourceTree = "<group>"; };
		88DA4BC124CCC5AF004E45F9 /* ContentView.swift */ = {isa = PBXFileReference; lastKnownFileType = sourcecode.swift; path = ContentView.swift; sourceTree = "<group>"; };
		88DA4BC324CCC5B1004E45F9 /* Assets.xcassets */ = {isa = PBXFileReference; lastKnownFileType = folder.assetcatalog; path = Assets.xcassets; sourceTree = "<group>"; };
		88DA4BC624CCC5B1004E45F9 /* Preview Assets.xcassets */ = {isa = PBXFileReference; lastKnownFileType = folder.assetcatalog; path = "Preview Assets.xcassets"; sourceTree = "<group>"; };
		88DA4BC924CCC5B1004E45F9 /* Base */ = {isa = PBXFileReference; lastKnownFileType = file.storyboard; name = Base; path = Base.lproj/LaunchScreen.storyboard; sourceTree = "<group>"; };
		88DA4BCB24CCC5B1004E45F9 /* Info.plist */ = {isa = PBXFileReference; lastKnownFileType = text.plist.xml; path = Info.plist; sourceTree = "<group>"; };
/* End PBXFileReference section */

/* Begin PBXFrameworksBuildPhase section */
		88DA4BB724CCC5AF004E45F9 /* Frameworks */ = {
			isa = PBXFrameworksBuildPhase;
			buildActionMask = 2147483647;
			files = (
			);
			runOnlyForDeploymentPostprocessing = 0;
		};
/* End PBXFrameworksBuildPhase section */

/* Begin PBXGroup section */
		88DA4BB124CCC5AF004E45F9 = {
			isa = PBXGroup;
			children = (
				88DA4BBC24CCC5AF004E45F9 /* SetGame2020 */,
				88DA4BBB24CCC5AF004E45F9 /* Products */,
			);
			sourceTree = "<group>";
		};
		88DA4BBB24CCC5AF004E45F9 /* Products */ = {
			isa = PBXGroup;
			children = (
				88DA4BBA24CCC5AF004E45F9 /* SetGame2020.app */,
			);
			name = Products;
			sourceTree = "<group>";
		};
		88DA4BBC24CCC5AF004E45F9 /* SetGame2020 */ = {
			isa = PBXGroup;
			children = (
				88DA4BBD24CCC5AF004E45F9 /* AppDelegate.swift */,
				88DA4BBF24CCC5AF004E45F9 /* SceneDelegate.swift */,
				88DA4BC124CCC5AF004E45F9 /* ContentView.swift */,
				88DA4BC324CCC5B1004E45F9 /* Assets.xcassets */,
				88DA4BC824CCC5B1004E45F9 /* LaunchScreen.storyboard */,
				88DA4BCB24CCC5B1004E45F9 /* Info.plist */,
				88DA4BC524CCC5B1004E45F9 /* Preview Content */,
			);
			path = SetGame2020;
			sourceTree = "<group>";
		};
		88DA4BC524CCC5B1004E45F9 /* Preview Content */ = {
			isa = PBXGroup;
			children = (
				88DA4BC624CCC5B1004E45F9 /* Preview Assets.xcassets */,
			);
			path = "Preview Content";
			sourceTree = "<group>";
		};
/* End PBXGroup section */

/* Begin PBXNativeTarget section */
		88DA4BB924CCC5AF004E45F9 /* SetGame2020 */ = {
			isa = PBXNativeTarget;
			buildConfigurationList = 88DA4BCE24CCC5B1004E45F9 /* Build configuration list for PBXNativeTarget "SetGame2020" */;
			buildPhases = (
				88DA4BB624CCC5AF004E45F9 /* Sources */,
				88DA4BB724CCC5AF004E45F9 /* Frameworks */,
				88DA4BB824CCC5AF004E45F9 /* Resources */,
			);
			buildRules = (
			);
			dependencies = (
			);
			name = SetGame2020;
			productName = SetGame2020;
			productReference = 88DA4BBA24CCC5AF004E45F9 /* SetGame2020.app */;
			productType = "com.apple.product-type.application";
		};
/* End PBXNativeTarget section */

/* Begin PBXProject section */
		88DA4BB224CCC5AF004E45F9 /* Project object */ = {
			isa = PBXProject;
			attributes = {
				LastSwiftUpdateCheck = 1150;
				LastUpgradeCheck = 1150;
				ORGANIZATIONNAME = "Matthew Trump";
				TargetAttributes = {
					88DA4BB924CCC5AF004E45F9 = {
						CreatedOnToolsVersion = 11.5;
					};
				};
			};
			buildConfigurationList = 88DA4BB524CCC5AF004E45F9 /* Build configuration list for PBXProject "SetGame2020" */;
			compatibilityVersion = "Xcode 9.3";
			developmentRegion = en;
			hasScannedForEncodings = 0;
			knownRegions = (
				en,
				Base,
			);
			mainGroup = 88DA4BB124CCC5AF004E45F9;
			productRefGroup = 88DA4BBB24CCC5AF004E45F9 /* Products */;
			projectDirPath = "";
			projectRoot = "";
			targets = (
				88DA4BB924CCC5AF004E45F9 /* SetGame2020 */,
			);
		};
/* End PBXProject section */

/* Begin PBXResourcesBuildPhase section */
		88DA4BB824CCC5AF004E45F9 /* Resources */ = {
			isa = PBXResourcesBuildPhase;
			buildActionMask = 2147483647;
			files = (
				88DA4BCA24CCC5B1004E45F9 /* LaunchScreen.storyboard in Resources */,
				88DA4BC724CCC5B1004E45F9 /* Preview Assets.xcassets in Resources */,
				88DA4BC424CCC5B1004E45F9 /* Assets.xcassets in Resources */,
			);
			runOnlyForDeploymentPostprocessing = 0;
		};
/* End PBXResourcesBuildPhase section */

/* Begin PBXSourcesBuildPhase section */
		88DA4BB624CCC5AF004E45F9 /* Sources */ = {
			isa = PBXSourcesBuildPhase;
			buildActionMask = 2147483647;
			files = (
				88DA4BBE24CCC5AF004E45F9 /* AppDelegate.swift in Sources */,
				88DA4BC024CCC5AF004E45F9 /* SceneDelegate.swift in Sources */,
				88DA4BC224CCC5AF004E45F9 /* ContentView.swift in Sources */,
			);
			runOnlyForDeploymentPostprocessing = 0;
		};
/* End PBXSourcesBuildPhase section */

/* Begin PBXVariantGroup section */
		88DA4BC824CCC5B1004E45F9 /* LaunchScreen.storyboard */ = {
			isa = PBXVariantGroup;
			children = (
				88DA4BC924CCC5B1004E45F9 /* Base */,
			);
			name = LaunchScreen.storyboard;
			sourceTree = "<group>";
		};
/* End PBXVariantGroup section */

/* Begin XCBuildConfiguration section */
		88DA4BCC24CCC5B1004E45F9 /* Debug */ = {
			isa = XCBuildConfiguration;
			buildSettings = {
				ALWAYS_SEARCH_USER_PATHS = NO;
				CLANG_ANALYZER_NONNULL = YES;
				CLANG_ANALYZER_NUMBER_OBJECT_CONVERSION = YES_AGGRESSIVE;
				CLANG_CXX_LANGUAGE_STANDARD = "gnu++14";
				CLANG_CXX_LIBRARY = "libc++";
				CLANG_ENABLE_MODULES = YES;
				CLANG_ENABLE_OBJC_ARC = YES;
				CLANG_ENABLE_OBJC_WEAK = YES;
				CLANG_WARN_BLOCK_CAPTURE_AUTORELEASING = YES;
				CLANG_WARN_BOOL_CONVERSION = YES;
				CLANG_WARN_COMMA = YES;
				CLANG_WARN_CONSTANT_CONVERSION = YES;
				CLANG_WARN_DEPRECATED_OBJC_IMPLEMENTATIONS = YES;
				CLANG_WARN_DIRECT_OBJC_ISA_USAGE = YES_ERROR;
				CLANG_WARN_DOCUMENTATION_COMMENTS = YES;
				CLANG_WARN_EMPTY_BODY = YES;
				CLANG_WARN_ENUM_CONVERSION = YES;
				CLANG_WARN_INFINITE_RECURSION = YES;
				CLANG_WARN_INT_CONVERSION = YES;
				CLANG_WARN_NON_LITERAL_NULL_CONVERSION = YES;
				CLANG_WARN_OBJC_IMPLICIT_RETAIN_SELF = YES;
				CLANG_WARN_OBJC_LITERAL_CONVERSION = YES;
				CLANG_WARN_OBJC_ROOT_CLASS = YES_ERROR;
				CLANG_WARN_RANGE_LOOP_ANALYSIS = YES;
				CLANG_WARN_STRICT_PROTOTYPES = YES;
				CLANG_WARN_SUSPICIOUS_MOVE = YES;
				CLANG_WARN_UNGUARDED_AVAILABILITY = YES_AGGRESSIVE;
				CLANG_WARN_UNREACHABLE_CODE = YES;
				CLANG_WARN__DUPLICATE_METHOD_MATCH = YES;
				COPY_PHASE_STRIP = NO;
				DEBUG_INFORMATION_FORMAT = dwarf;
				ENABLE_STRICT_OBJC_MSGSEND = YES;
				ENABLE_TESTABILITY = YES;
				GCC_C_LANGUAGE_STANDARD = gnu11;
				GCC_DYNAMIC_NO_PIC = NO;
				GCC_NO_COMMON_BLOCKS = YES;
				GCC_OPTIMIZATION_LEVEL = 0;
				GCC_PREPROCESSOR_DEFINITIONS = (
					"DEBUG=1",
					"$(inherited)",
				);
				GCC_WARN_64_TO_32_BIT_CONVERSION = YES;
				GCC_WARN_ABOUT_RETURN_TYPE = YES_ERROR;
				GCC_WARN_UNDECLARED_SELECTOR = YES;
				GCC_WARN_UNINITIALIZED_AUTOS = YES_AGGRESSIVE;
				GCC_WARN_UNUSED_FUNCTION = YES;
				GCC_WARN_UNUSED_VARIABLE = YES;
				IPHONEOS_DEPLOYMENT_TARGET = 13.5;
				MTL_ENABLE_DEBUG_INFO = INCLUDE_SOURCE;
				MTL_FAST_MATH = YES;
				ONLY_ACTIVE_ARCH = YES;
				SDKROOT = iphoneos;
				SWIFT_ACTIVE_COMPILATION_CONDITIONS = DEBUG;
				SWIFT_OPTIMIZATION_LEVEL = "-Onone";
			};
			name = Debug;
		};
		88DA4BCD24CCC5B1004E45F9 /* Release */ = {
			isa = XCBuildConfiguration;
			buildSettings = {
				ALWAYS_SEARCH_USER_PATHS = NO;
				CLANG_ANALYZER_NONNULL = YES;
				CLANG_ANALYZER_NUMBER_OBJECT_CONVERSION = YES_AGGRESSIVE;
				CLANG_CXX_LANGUAGE_STANDARD = "gnu++14";
				CLANG_CXX_LIBRARY = "libc++";
				CLANG_ENABLE_MODULES = YES;
				CLANG_ENABLE_OBJC_ARC = YES;
				CLANG_ENABLE_OBJC_WEAK = YES;
				CLANG_WARN_BLOCK_CAPTURE_AUTORELEASING = YES;
				CLANG_WARN_BOOL_CONVERSION = YES;
				CLANG_WARN_COMMA = YES;
				CLANG_WARN_CONSTANT_CONVERSION = YES;
				CLANG_WARN_DEPRECATED_OBJC_IMPLEMENTATIONS = YES;
				CLANG_WARN_DIRECT_OBJC_ISA_USAGE = YES_ERROR;
				CLANG_WARN_DOCUMENTATION_COMMENTS = YES;
				CLANG_WARN_EMPTY_BODY = YES;
				CLANG_WARN_ENUM_CONVERSION = YES;
				CLANG_WARN_INFINITE_RECURSION = YES;
				CLANG_WARN_INT_CONVERSION = YES;
				CLANG_WARN_NON_LITERAL_NULL_CONVERSION = YES;
				CLANG_WARN_OBJC_IMPLICIT_RETAIN_SELF = YES;
				CLANG_WARN_OBJC_LITERAL_CONVERSION = YES;
				CLANG_WARN_OBJC_ROOT_CLASS = YES_ERROR;
				CLANG_WARN_RANGE_LOOP_ANALYSIS = YES;
				CLANG_WARN_STRICT_PROTOTYPES = YES;
				CLANG_WARN_SUSPICIOUS_MOVE = YES;
				CLANG_WARN_UNGUARDED_AVAILABILITY = YES_AGGRESSIVE;
				CLANG_WARN_UNREACHABLE_CODE = YES;
				CLANG_WARN__DUPLICATE_METHOD_MATCH = YES;
				COPY_PHASE_STRIP = NO;
				DEBUG_INFORMATION_FORMAT = "dwarf-with-dsym";
				ENABLE_NS_ASSERTIONS = NO;
				ENABLE_STRICT_OBJC_MSGSEND = YES;
				GCC_C_LANGUAGE_STANDARD = gnu11;
				GCC_NO_COMMON_BLOCKS = YES;
				GCC_WARN_64_TO_32_BIT_CONVERSION = YES;
				GCC_WARN_ABOUT_RETURN_TYPE = YES_ERROR;
				GCC_WARN_UNDECLARED_SELECTOR = YES;
				GCC_WARN_UNINITIALIZED_AUTOS = YES_AGGRESSIVE;
				GCC_WARN_UNUSED_FUNCTION = YES;
				GCC_WARN_UNUSED_VARIABLE = YES;
				IPHONEOS_DEPLOYMENT_TARGET = 13.5;
				MTL_ENABLE_DEBUG_INFO = NO;
				MTL_FAST_MATH = YES;
				SDKROOT = iphoneos;
				SWIFT_COMPILATION_MODE = wholemodule;
				SWIFT_OPTIMIZATION_LEVEL = "-O";
				VALIDATE_PRODUCT = YES;
			};
			name = Release;
		};
		88DA4BCF24CCC5B1004E45F9 /* Debug */ = {
			isa = XCBuildConfiguration;
			buildSettings = {
				ASSETCATALOG_COMPILER_APPICON_NAME = AppIcon;
				CODE_SIGN_STYLE = Automatic;
				DEVELOPMENT_ASSET_PATHS = "\"SetGame2020/Preview Content\"";
				DEVELOPMENT_TEAM = CH299H3XAS;
				ENABLE_PREVIEWS = YES;
				INFOPLIST_FILE = SetGame2020/Info.plist;
				LD_RUNPATH_SEARCH_PATHS = (
					"$(inherited)",
					"@executable_path/Frameworks",
				);
				PRODUCT_BUNDLE_IDENTIFIER = com.decumanus.SetGame2020;
				PRODUCT_NAME = "$(TARGET_NAME)";
				SWIFT_VERSION = 5.0;
				TARGETED_DEVICE_FAMILY = "1,2";
			};
			name = Debug;
		};
		88DA4BD024CCC5B1004E45F9 /* Release */ = {
			isa = XCBuildConfiguration;
			buildSettings = {
				ASSETCATALOG_COMPILER_APPICON_NAME = AppIcon;
				CODE_SIGN_STYLE = Automatic;
				DEVELOPMENT_ASSET_PATHS = "\"SetGame2020/Preview Content\"";
				DEVELOPMENT_TEAM = CH299H3XAS;
				ENABLE_PREVIEWS = YES;
				INFOPLIST_FILE = SetGame2020/Info.plist;
				LD_RUNPATH_SEARCH_PATHS = (
					"$(inherited)",
					"@executable_path/Frameworks",
				);
				PRODUCT_BUNDLE_IDENTIFIER = com.decumanus.SetGame2020;
				PRODUCT_NAME = "$(TARGET_NAME)";
				SWIFT_VERSION = 5.0;
				TARGETED_DEVICE_FAMILY = "1,2";
			};
			name = Release;
		};
/* End XCBuildConfiguration section */

/* Begin XCConfigurationList section */
		88DA4BB524CCC5AF004E45F9 /* Build configuration list for PBXProject "SetGame2020" */ = {
			isa = XCConfigurationList;
			buildConfigurations = (
				88DA4BCC24CCC5B1004E45F9 /* Debug */,
				88DA4BCD24CCC5B1004E45F9 /* Release */,
			);
			defaultConfigurationIsVisible = 0;
			defaultConfigurationName = Release;
		};
		88DA4BCE24CCC5B1004E45F9 /* Build configuration list for PBXNativeTarget "SetGame2020" */ = {
			isa = XCConfigurationList;
			buildConfigurations = (
				88DA4BCF24CCC5B1004E45F9 /* Debug */,
				88DA4BD024CCC5B1004E45F9 /* Release */,
			);
			defaultConfigurationIsVisible = 0;
			defaultConfigurationName = Release;
		};
/* End XCConfigurationList section */
	};
	rootObject = 88DA4BB224CCC5AF004E45F9 /* Project object */;
}
